
Microsoft Visual Studio Solution File, Format Version 12.00
# Visual Studio 14
VisualStudioVersion = 14.0.25420.1
MinimumVisualStudioVersion = 10.0.40219.1
Project("{2150E333-8FDC-42A3-9474-1A3956D46DE8}") = "src", "src", "{98DEF340-4C88-4E2D-9618-A0FBC938F6FE}"
EndProject
Project("{2150E333-8FDC-42A3-9474-1A3956D46DE8}") = "Solution Items", "Solution Items", "{4CA887C9-1285-4CBF-AEB5-BBD5B554A40F}"
	ProjectSection(SolutionItems) = preProject
		global.json = global.json
	EndProjectSection
EndProject
Project("{8BB2217D-0F2D-49D1-97BC-3654ED321F3B}") = "TrafficGenerator", "src\TrafficGenerator\TrafficGenerator.xproj", "{471DA339-3688-4E3E-BAA5-DCCCD25141CD}"
EndProject
Project("{8BB2217D-0F2D-49D1-97BC-3654ED321F3B}") = "TrafficEngine", "src\TrafficEngine\TrafficEngine.xproj", "{72426ECF-DFB0-455F-8738-4154A897C869}"
EndProject
Global
	GlobalSection(SolutionConfigurationPlatforms) = preSolution
		Debug|Any CPU = Debug|Any CPU
		Release|Any CPU = Release|Any CPU
	EndGlobalSection
	GlobalSection(ProjectConfigurationPlatforms) = postSolution
		{471DA339-3688-4E3E-BAA5-DCCCD25141CD}.Debug|Any CPU.ActiveCfg = Debug|Any CPU
		{471DA339-3688-4E3E-BAA5-DCCCD25141CD}.Debug|Any CPU.Build.0 = Debug|Any CPU
		{471DA339-3688-4E3E-BAA5-DCCCD25141CD}.Release|Any CPU.ActiveCfg = Release|Any CPU
		{471DA339-3688-4E3E-BAA5-DCCCD25141CD}.Release|Any CPU.Build.0 = Release|Any CPU
		{72426ECF-DFB0-455F-8738-4154A897C869}.Debug|Any CPU.ActiveCfg = Debug|Any CPU
		{72426ECF-DFB0-455F-8738-4154A897C869}.Debug|Any CPU.Build.0 = Debug|Any CPU
		{72426ECF-DFB0-455F-8738-4154A897C869}.Release|Any CPU.ActiveCfg = Release|Any CPU
		{72426ECF-DFB0-455F-8738-4154A897C869}.Release|Any CPU.Build.0 = Release|Any CPU
	EndGlobalSection
	GlobalSection(SolutionProperties) = preSolution
		HideSolutionNode = FALSE
	EndGlobalSection
	GlobalSection(NestedProjects) = preSolution
		{471DA339-3688-4E3E-BAA5-DCCCD25141CD} = {98DEF340-4C88-4E2D-9618-A0FBC938F6FE}
		{72426ECF-DFB0-455F-8738-4154A897C869} = {98DEF340-4C88-4E2D-9618-A0FBC938F6FE}
	EndGlobalSection
EndGlobal
